
Microsoft Visual Studio Solution File, Format Version 12.00
# Visual Studio Version 17
VisualStudioVersion = 17.14.36518.9
MinimumVisualStudioVersion = 10.0.40219.1
Project("{2150E333-8FDC-42A3-9474-1A3956D46DE8}") = "Task0", "Task0", "{02EA681E-C7D8-13C7-8484-4AC65E1B71E8}"
EndProject
Project("{FAE04EC0-301F-11D3-BF4B-00C04F79EFBC}") = "Tyuiu.KochetovAP.Sprint5.Task0.V25", "Tyuiu.KochetovAP.Sprint5.Task0.V25\Tyuiu.KochetovAP.Sprint5.Task0.V25.csproj", "{DA83AC34-5E0F-4508-9370-A706B0921EA2}"
EndProject
Project("{FAE04EC0-301F-11D3-BF4B-00C04F79EFBC}") = "Tyuiu.KochetovAP.Sprint5.Task0.V25.Lib", "Tyuiu.KochetovAP.Sprint5.Task0.V25.Lib\Tyuiu.KochetovAP.Sprint5.Task0.V25.Lib.csproj", "{576CBF5C-323C-4967-85D4-4A0AAF7B5D80}"
EndProject
Project("{FAE04EC0-301F-11D3-BF4B-00C04F79EFBC}") = "Tyuiu.KochetovAP.Sprint5.Task0.V25.Test", "Tyuiu.KochetovAP.Sprint5.Task0.V25.Test\Tyuiu.KochetovAP.Sprint5.Task0.V25.Test.csproj", "{61C624FC-A58F-49A4-8B1C-84AA39EAE667}"
EndProject
Project("{2150E333-8FDC-42A3-9474-1A3956D46DE8}") = "Task1", "Task1", "{E4DDEA64-9CE5-46FC-913E-34A9D9461194}"
EndProject
Project("{FAE04EC0-301F-11D3-BF4B-00C04F79EFBC}") = "Tyuiu.KochetovAP.Sprint5.Task1.V22", "Tyuiu.KochetovAP.Sprint5.Task1.V22\Tyuiu.KochetovAP.Sprint5.Task1.V22.csproj", "{1A72E4F1-DB40-4CE8-B281-7CA224FCE135}"
EndProject
Project("{FAE04EC0-301F-11D3-BF4B-00C04F79EFBC}") = "Tyuiu.KochetovAP.Sprint5.Task1.V22.Lib", "Tyuiu.KochetovAP.Sprint5.Task1.V22.Lib\Tyuiu.KochetovAP.Sprint5.Task1.V22.Lib.csproj", "{010447F4-1D36-4BCC-939E-B720A1521772}"
EndProject
Project("{FAE04EC0-301F-11D3-BF4B-00C04F79EFBC}") = "Tyuiu.KochetovAP.Sprint5.Task1.V22.Test", "Tyuiu.KochetovAP.Sprint5.Task1.V22.Test\Tyuiu.KochetovAP.Sprint5.Task1.V22.Test.csproj", "{32CB6E13-18B9-4113-BC72-C47D051A7620}"
EndProject
Project("{2150E333-8FDC-42A3-9474-1A3956D46DE8}") = "Task2", "Task2", "{8A5E8195-7D6C-401C-B67B-C00B052B1B1A}"
EndProject
Project("{FAE04EC0-301F-11D3-BF4B-00C04F79EFBC}") = "Tyuiu.KochetovAP.Sprint5.Task2.V16", "Tyuiu.KochetovAP.Sprint5.Task2.V16\Tyuiu.KochetovAP.Sprint5.Task2.V16.csproj", "{22D5D0BC-BEE1-4942-A587-9C67CF0D37E7}"
EndProject
Project("{FAE04EC0-301F-11D3-BF4B-00C04F79EFBC}") = "Tyuiu.KochetovAP.Sprint5.Task2.V16.Lib", "Tyuiu.KochetovAP.Sprint5.Task2.V16.Lib\Tyuiu.KochetovAP.Sprint5.Task2.V16.Lib.csproj", "{1D2FA761-B21D-4328-B0A5-9857FC257F26}"
EndProject
Project("{FAE04EC0-301F-11D3-BF4B-00C04F79EFBC}") = "Tyuiu.KochetovAP.Sprint5.Task2.V16.Test", "Tyuiu.KochetovAP.Sprint5.Task2.V16.Test\Tyuiu.KochetovAP.Sprint5.Task2.V16.Test.csproj", "{A7E044C7-70FF-4E5E-A05F-319528A51587}"
EndProject
Project("{2150E333-8FDC-42A3-9474-1A3956D46DE8}") = "Task3", "Task3", "{F1C3AB00-BE68-414B-863C-DE7A16AA3874}"
EndProject
Project("{FAE04EC0-301F-11D3-BF4B-00C04F79EFBC}") = "Tyuiu.KochetovAP.Sprint5.Task3.V22", "Tyuiu.KochetovAP.Sprint5.Task3.V22\Tyuiu.KochetovAP.Sprint5.Task3.V22.csproj", "{BBD4F49B-E8E2-4CB3-B56A-C0740E3C092F}"
EndProject
Project("{FAE04EC0-301F-11D3-BF4B-00C04F79EFBC}") = "Tyuiu.KochetovAP.Sprint5.Task3.V22.Lib", "Tyuiu.KochetovAP.Sprint5.Task3.V22.Lib\Tyuiu.KochetovAP.Sprint5.Task3.V22.Lib.csproj", "{3E1DA3BD-ADDB-4BD9-A79C-5A9B93CCCC1E}"
EndProject
Project("{FAE04EC0-301F-11D3-BF4B-00C04F79EFBC}") = "Tyuiu.KochetovAP.Sprint5.Task3.V22.Test", "Tyuiu.KochetovAP.Sprint5.Task3.V22.Test\Tyuiu.KochetovAP.Sprint5.Task3.V22.Test.csproj", "{DF95174C-BA8F-4771-837E-BE38BF8E273F}"
EndProject
Global
	GlobalSection(SolutionConfigurationPlatforms) = preSolution
		Debug|Any CPU = Debug|Any CPU
		Release|Any CPU = Release|Any CPU
	EndGlobalSection
	GlobalSection(ProjectConfigurationPlatforms) = postSolution
		{DA83AC34-5E0F-4508-9370-A706B0921EA2}.Debug|Any CPU.ActiveCfg = Debug|Any CPU
		{DA83AC34-5E0F-4508-9370-A706B0921EA2}.Debug|Any CPU.Build.0 = Debug|Any CPU
		{DA83AC34-5E0F-4508-9370-A706B0921EA2}.Release|Any CPU.ActiveCfg = Release|Any CPU
		{DA83AC34-5E0F-4508-9370-A706B0921EA2}.Release|Any CPU.Build.0 = Release|Any CPU
		{576CBF5C-323C-4967-85D4-4A0AAF7B5D80}.Debug|Any CPU.ActiveCfg = Debug|Any CPU
		{576CBF5C-323C-4967-85D4-4A0AAF7B5D80}.Debug|Any CPU.Build.0 = Debug|Any CPU
		{576CBF5C-323C-4967-85D4-4A0AAF7B5D80}.Release|Any CPU.ActiveCfg = Release|Any CPU
		{576CBF5C-323C-4967-85D4-4A0AAF7B5D80}.Release|Any CPU.Build.0 = Release|Any CPU
		{61C624FC-A58F-49A4-8B1C-84AA39EAE667}.Debug|Any CPU.ActiveCfg = Debug|Any CPU
		{61C624FC-A58F-49A4-8B1C-84AA39EAE667}.Debug|Any CPU.Build.0 = Debug|Any CPU
		{61C624FC-A58F-49A4-8B1C-84AA39EAE667}.Release|Any CPU.ActiveCfg = Release|Any CPU
		{61C624FC-A58F-49A4-8B1C-84AA39EAE667}.Release|Any CPU.Build.0 = Release|Any CPU
		{1A72E4F1-DB40-4CE8-B281-7CA224FCE135}.Debug|Any CPU.ActiveCfg = Debug|Any CPU
		{1A72E4F1-DB40-4CE8-B281-7CA224FCE135}.Debug|Any CPU.Build.0 = Debug|Any CPU
		{1A72E4F1-DB40-4CE8-B281-7CA224FCE135}.Release|Any CPU.ActiveCfg = Release|Any CPU
		{1A72E4F1-DB40-4CE8-B281-7CA224FCE135}.Release|Any CPU.Build.0 = Release|Any CPU
		{010447F4-1D36-4BCC-939E-B720A1521772}.Debug|Any CPU.ActiveCfg = Debug|Any CPU
		{010447F4-1D36-4BCC-939E-B720A1521772}.Debug|Any CPU.Build.0 = Debug|Any CPU
		{010447F4-1D36-4BCC-939E-B720A1521772}.Release|Any CPU.ActiveCfg = Release|Any CPU
		{010447F4-1D36-4BCC-939E-B720A1521772}.Release|Any CPU.Build.0 = Release|Any CPU
		{32CB6E13-18B9-4113-BC72-C47D051A7620}.Debug|Any CPU.ActiveCfg = Debug|Any CPU
		{32CB6E13-18B9-4113-BC72-C47D051A7620}.Debug|Any CPU.Build.0 = Debug|Any CPU
		{32CB6E13-18B9-4113-BC72-C47D051A7620}.Release|Any CPU.ActiveCfg = Release|Any CPU
		{32CB6E13-18B9-4113-BC72-C47D051A7620}.Release|Any CPU.Build.0 = Release|Any CPU
		{22D5D0BC-BEE1-4942-A587-9C67CF0D37E7}.Debug|Any CPU.ActiveCfg = Debug|Any CPU
		{22D5D0BC-BEE1-4942-A587-9C67CF0D37E7}.Debug|Any CPU.Build.0 = Debug|Any CPU
		{22D5D0BC-BEE1-4942-A587-9C67CF0D37E7}.Release|Any CPU.ActiveCfg = Release|Any CPU
		{22D5D0BC-BEE1-4942-A587-9C67CF0D37E7}.Release|Any CPU.Build.0 = Release|Any CPU
		{1D2FA761-B21D-4328-B0A5-9857FC257F26}.Debug|Any CPU.ActiveCfg = Debug|Any CPU
		{1D2FA761-B21D-4328-B0A5-9857FC257F26}.Debug|Any CPU.Build.0 = Debug|Any CPU
		{1D2FA761-B21D-4328-B0A5-9857FC257F26}.Release|Any CPU.ActiveCfg = Release|Any CPU
		{1D2FA761-B21D-4328-B0A5-9857FC257F26}.Release|Any CPU.Build.0 = Release|Any CPU
		{A7E044C7-70FF-4E5E-A05F-319528A51587}.Debug|Any CPU.ActiveCfg = Debug|Any CPU
		{A7E044C7-70FF-4E5E-A05F-319528A51587}.Debug|Any CPU.Build.0 = Debug|Any CPU
		{A7E044C7-70FF-4E5E-A05F-319528A51587}.Release|Any CPU.ActiveCfg = Release|Any CPU
		{A7E044C7-70FF-4E5E-A05F-319528A51587}.Release|Any CPU.Build.0 = Release|Any CPU
		{BBD4F49B-E8E2-4CB3-B56A-C0740E3C092F}.Debug|Any CPU.ActiveCfg = Debug|Any CPU
		{BBD4F49B-E8E2-4CB3-B56A-C0740E3C092F}.Debug|Any CPU.Build.0 = Debug|Any CPU
		{BBD4F49B-E8E2-4CB3-B56A-C0740E3C092F}.Release|Any CPU.ActiveCfg = Release|Any CPU
		{BBD4F49B-E8E2-4CB3-B56A-C0740E3C092F}.Release|Any CPU.Build.0 = Release|Any CPU
		{3E1DA3BD-ADDB-4BD9-A79C-5A9B93CCCC1E}.Debug|Any CPU.ActiveCfg = Debug|Any CPU
		{3E1DA3BD-ADDB-4BD9-A79C-5A9B93CCCC1E}.Debug|Any CPU.Build.0 = Debug|Any CPU
		{3E1DA3BD-ADDB-4BD9-A79C-5A9B93CCCC1E}.Release|Any CPU.ActiveCfg = Release|Any CPU
		{3E1DA3BD-ADDB-4BD9-A79C-5A9B93CCCC1E}.Release|Any CPU.Build.0 = Release|Any CPU
		{DF95174C-BA8F-4771-837E-BE38BF8E273F}.Debug|Any CPU.ActiveCfg = Debug|Any CPU
		{DF95174C-BA8F-4771-837E-BE38BF8E273F}.Debug|Any CPU.Build.0 = Debug|Any CPU
		{DF95174C-BA8F-4771-837E-BE38BF8E273F}.Release|Any CPU.ActiveCfg = Release|Any CPU
		{DF95174C-BA8F-4771-837E-BE38BF8E273F}.Release|Any CPU.Build.0 = Release|Any CPU
	EndGlobalSection
	GlobalSection(SolutionProperties) = preSolution
		HideSolutionNode = FALSE
	EndGlobalSection
	GlobalSection(NestedProjects) = preSolution
		{DA83AC34-5E0F-4508-9370-A706B0921EA2} = {02EA681E-C7D8-13C7-8484-4AC65E1B71E8}
		{576CBF5C-323C-4967-85D4-4A0AAF7B5D80} = {02EA681E-C7D8-13C7-8484-4AC65E1B71E8}
		{61C624FC-A58F-49A4-8B1C-84AA39EAE667} = {02EA681E-C7D8-13C7-8484-4AC65E1B71E8}
		{1A72E4F1-DB40-4CE8-B281-7CA224FCE135} = {E4DDEA64-9CE5-46FC-913E-34A9D9461194}
		{010447F4-1D36-4BCC-939E-B720A1521772} = {E4DDEA64-9CE5-46FC-913E-34A9D9461194}
		{32CB6E13-18B9-4113-BC72-C47D051A7620} = {E4DDEA64-9CE5-46FC-913E-34A9D9461194}
		{22D5D0BC-BEE1-4942-A587-9C67CF0D37E7} = {8A5E8195-7D6C-401C-B67B-C00B052B1B1A}
		{1D2FA761-B21D-4328-B0A5-9857FC257F26} = {8A5E8195-7D6C-401C-B67B-C00B052B1B1A}
		{A7E044C7-70FF-4E5E-A05F-319528A51587} = {8A5E8195-7D6C-401C-B67B-C00B052B1B1A}
		{BBD4F49B-E8E2-4CB3-B56A-C0740E3C092F} = {F1C3AB00-BE68-414B-863C-DE7A16AA3874}
		{3E1DA3BD-ADDB-4BD9-A79C-5A9B93CCCC1E} = {F1C3AB00-BE68-414B-863C-DE7A16AA3874}
		{DF95174C-BA8F-4771-837E-BE38BF8E273F} = {F1C3AB00-BE68-414B-863C-DE7A16AA3874}
	EndGlobalSection
	GlobalSection(ExtensibilityGlobals) = postSolution
		SolutionGuid = {A8D7921A-09C4-40D4-A7BA-D51A8B558936}
	EndGlobalSection
EndGlobal
